// !$*UTF8*$!
{
	archiveVersion = 1;
	classes = {
	};
	objectVersion = 46;
	objects = {

/* Begin PBXBuildFile section */
		85CA0A691CB410ED008E3513 /* AppDelegate.swift in Sources */ = {isa = PBXBuildFile; fileRef = 85CA0A681CB410ED008E3513 /* AppDelegate.swift */; };
		85CA0A6B1CB410ED008E3513 /* ViewController.swift in Sources */ = {isa = PBXBuildFile; fileRef = 85CA0A6A1CB410ED008E3513 /* ViewController.swift */; };
		85CA0A6E1CB410ED008E3513 /* Main.storyboard in Resources */ = {isa = PBXBuildFile; fileRef = 85CA0A6C1CB410ED008E3513 /* Main.storyboard */; };
		85CA0A701CB410ED008E3513 /* Assets.xcassets in Resources */ = {isa = PBXBuildFile; fileRef = 85CA0A6F1CB410ED008E3513 /* Assets.xcassets */; };
		85CA0A731CB410ED008E3513 /* LaunchScreen.storyboard in Resources */ = {isa = PBXBuildFile; fileRef = 85CA0A711CB410ED008E3513 /* LaunchScreen.storyboard */; };
		85CA0A7B1CB41109008E3513 /* Character.swift in Sources */ = {isa = PBXBuildFile; fileRef = 85CA0A7A1CB41109008E3513 /* Character.swift */; };
		85CA0A7D1CB4112D008E3513 /* Player1.swift in Sources */ = {isa = PBXBuildFile; fileRef = 85CA0A7C1CB4112D008E3513 /* Player1.swift */; };
		85CA0A7F1CB41167008E3513 /* Player2.swift in Sources */ = {isa = PBXBuildFile; fileRef = 85CA0A7E1CB41167008E3513 /* Player2.swift */; };
/* End PBXBuildFile section */

/* Begin PBXFileReference section */
		85CA0A651CB410ED008E3513 /* OOP-App.app */ = {isa = PBXFileReference; explicitFileType = wrapper.application; includeInIndex = 0; path = "OOP-App.app"; sourceTree = BUILT_PRODUCTS_DIR; };
		85CA0A681CB410ED008E3513 /* AppDelegate.swift */ = {isa = PBXFileReference; lastKnownFileType = sourcecode.swift; path = AppDelegate.swift; sourceTree = "<group>"; };
		85CA0A6A1CB410ED008E3513 /* ViewController.swift */ = {isa = PBXFileReference; lastKnownFileType = sourcecode.swift; path = ViewController.swift; sourceTree = "<group>"; };
		85CA0A6D1CB410ED008E3513 /* Base */ = {isa = PBXFileReference; lastKnownFileType = file.storyboard; name = Base; path = Base.lproj/Main.storyboard; sourceTree = "<group>"; };
		85CA0A6F1CB410ED008E3513 /* Assets.xcassets */ = {isa = PBXFileReference; lastKnownFileType = folder.assetcatalog; path = Assets.xcassets; sourceTree = "<group>"; };
		85CA0A721CB410ED008E3513 /* Base */ = {isa = PBXFileReference; lastKnownFileType = file.storyboard; name = Base; path = Base.lproj/LaunchScreen.storyboard; sourceTree = "<group>"; };
		85CA0A741CB410ED008E3513 /* Info.plist */ = {isa = PBXFileReference; lastKnownFileType = text.plist.xml; path = Info.plist; sourceTree = "<group>"; };
		85CA0A7A1CB41109008E3513 /* Character.swift */ = {isa = PBXFileReference; fileEncoding = 4; lastKnownFileType = sourcecode.swift; path = Character.swift; sourceTree = "<group>"; };
		85CA0A7C1CB4112D008E3513 /* Player1.swift */ = {isa = PBXFileReference; fileEncoding = 4; lastKnownFileType = sourcecode.swift; path = Player1.swift; sourceTree = "<group>"; };
		85CA0A7E1CB41167008E3513 /* Player2.swift */ = {isa = PBXFileReference; fileEncoding = 4; lastKnownFileType = sourcecode.swift; path = Player2.swift; sourceTree = "<group>"; };
/* End PBXFileReference section */

/* Begin PBXFrameworksBuildPhase section */
		85CA0A621CB410ED008E3513 /* Frameworks */ = {
			isa = PBXFrameworksBuildPhase;
			buildActionMask = 2147483647;
			files = (
			);
			runOnlyForDeploymentPostprocessing = 0;
		};
/* End PBXFrameworksBuildPhase section */

/* Begin PBXGroup section */
		85CA0A5C1CB410ED008E3513 = {
			isa = PBXGroup;
			children = (
				85CA0A671CB410ED008E3513 /* OOP-App */,
				85CA0A661CB410ED008E3513 /* Products */,
			);
			sourceTree = "<group>";
		};
		85CA0A661CB410ED008E3513 /* Products */ = {
			isa = PBXGroup;
			children = (
				85CA0A651CB410ED008E3513 /* OOP-App.app */,
			);
			name = Products;
			sourceTree = "<group>";
		};
		85CA0A671CB410ED008E3513 /* OOP-App */ = {
			isa = PBXGroup;
			children = (
				85CA0A681CB410ED008E3513 /* AppDelegate.swift */,
				85CA0A6A1CB410ED008E3513 /* ViewController.swift */,
				85CA0A6C1CB410ED008E3513 /* Main.storyboard */,
				85CA0A6F1CB410ED008E3513 /* Assets.xcassets */,
				85CA0A711CB410ED008E3513 /* LaunchScreen.storyboard */,
				85CA0A741CB410ED008E3513 /* Info.plist */,
				85CA0A7A1CB41109008E3513 /* Character.swift */,
				85CA0A7C1CB4112D008E3513 /* Player1.swift */,
				85CA0A7E1CB41167008E3513 /* Player2.swift */,
			);
			path = "OOP-App";
			sourceTree = "<group>";
		};
/* End PBXGroup section */

/* Begin PBXNativeTarget section */
		85CA0A641CB410ED008E3513 /* OOP-App */ = {
			isa = PBXNativeTarget;
			buildConfigurationList = 85CA0A771CB410ED008E3513 /* Build configuration list for PBXNativeTarget "OOP-App" */;
			buildPhases = (
				85CA0A611CB410ED008E3513 /* Sources */,
				85CA0A621CB410ED008E3513 /* Frameworks */,
				85CA0A631CB410ED008E3513 /* Resources */,
			);
			buildRules = (
			);
			dependencies = (
			);
			name = "OOP-App";
			productName = "OOP-App";
			productReference = 85CA0A651CB410ED008E3513 /* OOP-App.app */;
			productType = "com.apple.product-type.application";
		};
/* End PBXNativeTarget section */

/* Begin PBXProject section */
		85CA0A5D1CB410ED008E3513 /* Project object */ = {
			isa = PBXProject;
			attributes = {
				LastSwiftUpdateCheck = 0730;
				LastUpgradeCheck = 0730;
				ORGANIZATIONNAME = "Jerry Nkumu";
				TargetAttributes = {
					85CA0A641CB410ED008E3513 = {
						CreatedOnToolsVersion = 7.3;
						DevelopmentTeam = S628TLL2Q2;
					};
				};
			};
			buildConfigurationList = 85CA0A601CB410ED008E3513 /* Build configuration list for PBXProject "OOP-App" */;
			compatibilityVersion = "Xcode 3.2";
			developmentRegion = English;
			hasScannedForEncodings = 0;
			knownRegions = (
				en,
				Base,
			);
			mainGroup = 85CA0A5C1CB410ED008E3513;
			productRefGroup = 85CA0A661CB410ED008E3513 /* Products */;
			projectDirPath = "";
			projectRoot = "";
			targets = (
				85CA0A641CB410ED008E3513 /* OOP-App */,
			);
		};
/* End PBXProject section */

/* Begin PBXResourcesBuildPhase section */
		85CA0A631CB410ED008E3513 /* Resources */ = {
			isa = PBXResourcesBuildPhase;
			buildActionMask = 2147483647;
			files = (
				85CA0A731CB410ED008E3513 /* LaunchScreen.storyboard in Resources */,
				85CA0A701CB410ED008E3513 /* Assets.xcassets in Resources */,
				85CA0A6E1CB410ED008E3513 /* Main.storyboard in Resources */,
			);
			runOnlyForDeploymentPostprocessing = 0;
		};
/* End PBXResourcesBuildPhase section */

/* Begin PBXSourcesBuildPhase section */
		85CA0A611CB410ED008E3513 /* Sources */ = {
			isa = PBXSourcesBuildPhase;
			buildActionMask = 2147483647;
			files = (
				85CA0A7B1CB41109008E3513 /* Character.swift in Sources */,
				85CA0A7F1CB41167008E3513 /* Player2.swift in Sources */,
				85CA0A6B1CB410ED008E3513 /* ViewController.swift in Sources */,
				85CA0A7D1CB4112D008E3513 /* Player1.swift in Sources */,
				85CA0A691CB410ED008E3513 /* AppDelegate.swift in Sources */,
			);
			runOnlyForDeploymentPostprocessing = 0;
		};
/* End PBXSourcesBuildPhase section */

/* Begin PBXVariantGroup section */
		85CA0A6C1CB410ED008E3513 /* Main.storyboard */ = {
			isa = PBXVariantGroup;
			children = (
				85CA0A6D1CB410ED008E3513 /* Base */,
			);
			name = Main.storyboard;
			sourceTree = "<group>";
		};
		85CA0A711CB410ED008E3513 /* LaunchScreen.storyboard */ = {
			isa = PBXVariantGroup;
			children = (
				85CA0A721CB410ED008E3513 /* Base */,
			);
			name = LaunchScreen.storyboard;
			sourceTree = "<group>";
		};
/* End PBXVariantGroup section */

/* Begin XCBuildConfiguration section */
		85CA0A751CB410ED008E3513 /* Debug */ = {
			isa = XCBuildConfiguration;
			buildSettings = {
				ALWAYS_SEARCH_USER_PATHS = NO;
				CLANG_ANALYZER_NONNULL = YES;
				CLANG_CXX_LANGUAGE_STANDARD = "gnu++0x";
				CLANG_CXX_LIBRARY = "libc++";
				CLANG_ENABLE_MODULES = YES;
				CLANG_ENABLE_OBJC_ARC = YES;
				CLANG_WARN_BOOL_CONVERSION = YES;
				CLANG_WARN_CONSTANT_CONVERSION = YES;
				CLANG_WARN_DIRECT_OBJC_ISA_USAGE = YES_ERROR;
				CLANG_WARN_EMPTY_BODY = YES;
				CLANG_WARN_ENUM_CONVERSION = YES;
				CLANG_WARN_INT_CONVERSION = YES;
				CLANG_WARN_OBJC_ROOT_CLASS = YES_ERROR;
				CLANG_WARN_UNREACHABLE_CODE = YES;
				CLANG_WARN__DUPLICATE_METHOD_MATCH = YES;
				"CODE_SIGN_IDENTITY[sdk=iphoneos*]" = "iPhone Developer";
				COPY_PHASE_STRIP = NO;
				DEBUG_INFORMATION_FORMAT = dwarf;
				ENABLE_STRICT_OBJC_MSGSEND = YES;
				ENABLE_TESTABILITY = YES;
				GCC_C_LANGUAGE_STANDARD = gnu99;
				GCC_DYNAMIC_NO_PIC = NO;
				GCC_NO_COMMON_BLOCKS = YES;
				GCC_OPTIMIZATION_LEVEL = 0;
				GCC_PREPROCESSOR_DEFINITIONS = (
					"DEBUG=1",
					"$(inherited)",
				);
				GCC_WARN_64_TO_32_BIT_CONVERSION = YES;
				GCC_WARN_ABOUT_RETURN_TYPE = YES_ERROR;
				GCC_WARN_UNDECLARED_SELECTOR = YES;
				GCC_WARN_UNINITIALIZED_AUTOS = YES_AGGRESSIVE;
				GCC_WARN_UNUSED_FUNCTION = YES;
				GCC_WARN_UNUSED_VARIABLE = YES;
				IPHONEOS_DEPLOYMENT_TARGET = 9.3;
				MTL_ENABLE_DEBUG_INFO = YES;
				ONLY_ACTIVE_ARCH = YES;
				SDKROOT = iphoneos;
				SWIFT_OPTIMIZATION_LEVEL = "-Onone";
				TARGETED_DEVICE_FAMILY = "1,2";
			};
			name = Debug;
		};
		85CA0A761CB410ED008E3513 /* Release */ = {
			isa = XCBuildConfiguration;
			buildSettings = {
				ALWAYS_SEARCH_USER_PATHS = NO;
				CLANG_ANALYZER_NONNULL = YES;
				CLANG_CXX_LANGUAGE_STANDARD = "gnu++0x";
				CLANG_CXX_LIBRARY = "libc++";
				CLANG_ENABLE_MODULES = YES;
				CLANG_ENABLE_OBJC_ARC = YES;
				CLANG_WARN_BOOL_CONVERSION = YES;
				CLANG_WARN_CONSTANT_CONVERSION = YES;
				CLANG_WARN_DIRECT_OBJC_ISA_USAGE = YES_ERROR;
				CLANG_WARN_EMPTY_BODY = YES;
				CLANG_WARN_ENUM_CONVERSION = YES;
				CLANG_WARN_INT_CONVERSION = YES;
				CLANG_WARN_OBJC_ROOT_CLASS = YES_ERROR;
				CLANG_WARN_UNREACHABLE_CODE = YES;
				CLANG_WARN__DUPLICATE_METHOD_MATCH = YES;
				"CODE_SIGN_IDENTITY[sdk=iphoneos*]" = "iPhone Developer";
				COPY_PHASE_STRIP = NO;
				DEBUG_INFORMATION_FORMAT = "dwarf-with-dsym";
				ENABLE_NS_ASSERTIONS = NO;
				ENABLE_STRICT_OBJC_MSGSEND = YES;
				GCC_C_LANGUAGE_STANDARD = gnu99;
				GCC_NO_COMMON_BLOCKS = YES;
				GCC_WARN_64_TO_32_BIT_CONVERSION = YES;
				GCC_WARN_ABOUT_RETURN_TYPE = YES_ERROR;
				GCC_WARN_UNDECLARED_SELECTOR = YES;
				GCC_WARN_UNINITIALIZED_AUTOS = YES_AGGRESSIVE;
				GCC_WARN_UNUSED_FUNCTION = YES;
				GCC_WARN_UNUSED_VARIABLE = YES;
				IPHONEOS_DEPLOYMENT_TARGET = 9.3;
				MTL_ENABLE_DEBUG_INFO = NO;
				SDKROOT = iphoneos;
				TARGETED_DEVICE_FAMILY = "1,2";
				VALIDATE_PRODUCT = YES;
			};
			name = Release;
		};
		85CA0A781CB410ED008E3513 /* Debug */ = {
			isa = XCBuildConfiguration;
			buildSettings = {
				ASSETCATALOG_COMPILER_APPICON_NAME = AppIcon;
				INFOPLIST_FILE = "OOP-App/Info.plist";
				LD_RUNPATH_SEARCH_PATHS = "$(inherited) @executable_path/Frameworks";
				PRODUCT_BUNDLE_IDENTIFIER = "A.OOP-App";
				PRODUCT_NAME = "$(TARGET_NAME)";
			};
			name = Debug;
		};
		85CA0A791CB410ED008E3513 /* Release */ = {
			isa = XCBuildConfiguration;
			buildSettings = {
				ASSETCATALOG_COMPILER_APPICON_NAME = AppIcon;
				INFOPLIST_FILE = "OOP-App/Info.plist";
				LD_RUNPATH_SEARCH_PATHS = "$(inherited) @executable_path/Frameworks";
				PRODUCT_BUNDLE_IDENTIFIER = "A.OOP-App";
				PRODUCT_NAME = "$(TARGET_NAME)";
			};
			name = Release;
		};
/* End XCBuildConfiguration section */

/* Begin XCConfigurationList section */
		85CA0A601CB410ED008E3513 /* Build configuration list for PBXProject "OOP-App" */ = {
			isa = XCConfigurationList;
			buildConfigurations = (
				85CA0A751CB410ED008E3513 /* Debug */,
				85CA0A761CB410ED008E3513 /* Release */,
			);
			defaultConfigurationIsVisible = 0;
			defaultConfigurationName = Release;
		};
		85CA0A771CB410ED008E3513 /* Build configuration list for PBXNativeTarget "OOP-App" */ = {
			isa = XCConfigurationList;
			buildConfigurations = (
				85CA0A781CB410ED008E3513 /* Debug */,
				85CA0A791CB410ED008E3513 /* Release */,
			);
			defaultConfigurationIsVisible = 0;
		};
/* End XCConfigurationList section */
	};
	rootObject = 85CA0A5D1CB410ED008E3513 /* Project object */;
}
